{
  "object": {
    "pins": [
      {
        "package": "KnowledgeBase",
        "repositoryURL": "https://github.com/gennarinoos/KnowledgeBase.git",
        "state": {
          "branch": "unstable",
          "revision": "b89ff2b038c3becbc6f250952a327e0d76113417",
          "version": null
        }
      },
      {
        "package": "Safehill-Crypto",
        "repositoryURL": "https://github.com/Safehill/Safehill-Crypto.git",
        "state": {
          "branch": null,
          "revision": "8e28301440bf2d4d59e9c346def90c6784433872",
          "version": "1.1.6"
        }
      },
      {
        "package": "swift-crypto",
        "repositoryURL": "https://github.com/apple/swift-crypto.git",
        "state": {
          "branch": null,
          "revision": "33a20e650c33f6d72d822d558333f2085effa3dc",
          "version": "2.5.0"
        }
      },
      {
        "package": "Yams",
        "repositoryURL": "https://github.com/jpsim/Yams.git",
        "state": {
          "branch": null,
          "revision": "0d9ee7ea8c4ebd4a489ad7a73d5c6cad55d6fed3",
          "version": "5.0.6"
        }
      }
    ]
  },
  "version": 1
}
