{
  "object": {
    "pins": [
      {
        "package": "KnowledgeBase",
        "repositoryURL": "https://github.com/gennarinoos/KnowledgeBase.git",
        "state": {
          "branch": null,
          "revision": "c3eaedb8e4a0a2b1dbbc3fc7b5597e5612bacfff",
          "version": "0.9.3"
        }
      },
      {
        "package": "Safehill-Crypto",
        "repositoryURL": "https://github.com/Safehill/Safehill-Crypto.git",
        "state": {
          "branch": null,
          "revision": "8e28301440bf2d4d59e9c346def90c6784433872",
          "version": "1.1.6"
        }
      },
      {
        "package": "swift-crypto",
        "repositoryURL": "https://github.com/apple/swift-crypto.git",
        "state": {
          "branch": null,
          "revision": "33a20e650c33f6d72d822d558333f2085effa3dc",
          "version": "2.5.0"
        }
      },
      {
        "package": "Yams",
        "repositoryURL": "https://github.com/jpsim/Yams.git",
        "state": {
          "branch": null,
          "revision": "f47ba4838c30dbd59998a4e4c87ab620ff959e8a",
          "version": "5.0.5"
        }
      }
    ]
  },
  "version": 1
}
